// !$*UTF8*$!
{
	archiveVersion = 1;
	classes = {
	};
	objectVersion = 50;
	objects = {

/* Begin PBXBuildFile section */
		C1BEE7AC2469FD96006BAB94 /* AppDelegate.swift in Sources */ = {isa = PBXBuildFile; fileRef = C1BEE7AB2469FD96006BAB94 /* AppDelegate.swift */; };
		C1BEE7AE2469FD96006BAB94 /* SceneDelegate.swift in Sources */ = {isa = PBXBuildFile; fileRef = C1BEE7AD2469FD96006BAB94 /* SceneDelegate.swift */; };
		C1BEE7B02469FD96006BAB94 /* ContentView.swift in Sources */ = {isa = PBXBuildFile; fileRef = C1BEE7AF2469FD96006BAB94 /* ContentView.swift */; };
		C1BEE7B22469FD97006BAB94 /* Assets.xcassets in Resources */ = {isa = PBXBuildFile; fileRef = C1BEE7B12469FD97006BAB94 /* Assets.xcassets */; };
		C1BEE7B52469FD97006BAB94 /* Preview Assets.xcassets in Resources */ = {isa = PBXBuildFile; fileRef = C1BEE7B42469FD97006BAB94 /* Preview Assets.xcassets */; };
		C1BEE7B82469FD97006BAB94 /* LaunchScreen.storyboard in Resources */ = {isa = PBXBuildFile; fileRef = C1BEE7B62469FD97006BAB94 /* LaunchScreen.storyboard */; };
		C1BEE7C32469FD97006BAB94 /* TestSonarCloudTests.swift in Sources */ = {isa = PBXBuildFile; fileRef = C1BEE7C22469FD97006BAB94 /* TestSonarCloudTests.swift */; };
		C1BEE7CE2469FD98006BAB94 /* TestSonarCloudUITests.swift in Sources */ = {isa = PBXBuildFile; fileRef = C1BEE7CD2469FD98006BAB94 /* TestSonarCloudUITests.swift */; };
/* End PBXBuildFile section */

/* Begin PBXContainerItemProxy section */
		C1BEE7BF2469FD97006BAB94 /* PBXContainerItemProxy */ = {
			isa = PBXContainerItemProxy;
			containerPortal = C1BEE7A02469FD96006BAB94 /* Project object */;
			proxyType = 1;
			remoteGlobalIDString = C1BEE7A72469FD96006BAB94;
			remoteInfo = TestSonarCloud;
		};
		C1BEE7CA2469FD98006BAB94 /* PBXContainerItemProxy */ = {
			isa = PBXContainerItemProxy;
			containerPortal = C1BEE7A02469FD96006BAB94 /* Project object */;
			proxyType = 1;
			remoteGlobalIDString = C1BEE7A72469FD96006BAB94;
			remoteInfo = TestSonarCloud;
		};
/* End PBXContainerItemProxy section */

/* Begin PBXFileReference section */
		C1BEE7A82469FD96006BAB94 /* TestSonarCloud.app */ = {isa = PBXFileReference; explicitFileType = wrapper.application; includeInIndex = 0; path = TestSonarCloud.app; sourceTree = BUILT_PRODUCTS_DIR; };
		C1BEE7AB2469FD96006BAB94 /* AppDelegate.swift */ = {isa = PBXFileReference; lastKnownFileType = sourcecode.swift; path = AppDelegate.swift; sourceTree = "<group>"; };
		C1BEE7AD2469FD96006BAB94 /* SceneDelegate.swift */ = {isa = PBXFileReference; lastKnownFileType = sourcecode.swift; path = SceneDelegate.swift; sourceTree = "<group>"; };
		C1BEE7AF2469FD96006BAB94 /* ContentView.swift */ = {isa = PBXFileReference; lastKnownFileType = sourcecode.swift; path = ContentView.swift; sourceTree = "<group>"; };
		C1BEE7B12469FD97006BAB94 /* Assets.xcassets */ = {isa = PBXFileReference; lastKnownFileType = folder.assetcatalog; path = Assets.xcassets; sourceTree = "<group>"; };
		C1BEE7B42469FD97006BAB94 /* Preview Assets.xcassets */ = {isa = PBXFileReference; lastKnownFileType = folder.assetcatalog; path = "Preview Assets.xcassets"; sourceTree = "<group>"; };
		C1BEE7B72469FD97006BAB94 /* Base */ = {isa = PBXFileReference; lastKnownFileType = file.storyboard; name = Base; path = Base.lproj/LaunchScreen.storyboard; sourceTree = "<group>"; };
		C1BEE7B92469FD97006BAB94 /* Info.plist */ = {isa = PBXFileReference; lastKnownFileType = text.plist.xml; path = Info.plist; sourceTree = "<group>"; };
		C1BEE7BE2469FD97006BAB94 /* TestSonarCloudTests.xctest */ = {isa = PBXFileReference; explicitFileType = wrapper.cfbundle; includeInIndex = 0; path = TestSonarCloudTests.xctest; sourceTree = BUILT_PRODUCTS_DIR; };
		C1BEE7C22469FD97006BAB94 /* TestSonarCloudTests.swift */ = {isa = PBXFileReference; lastKnownFileType = sourcecode.swift; path = TestSonarCloudTests.swift; sourceTree = "<group>"; };
		C1BEE7C42469FD97006BAB94 /* Info.plist */ = {isa = PBXFileReference; lastKnownFileType = text.plist.xml; path = Info.plist; sourceTree = "<group>"; };
		C1BEE7C92469FD98006BAB94 /* TestSonarCloudUITests.xctest */ = {isa = PBXFileReference; explicitFileType = wrapper.cfbundle; includeInIndex = 0; path = TestSonarCloudUITests.xctest; sourceTree = BUILT_PRODUCTS_DIR; };
		C1BEE7CD2469FD98006BAB94 /* TestSonarCloudUITests.swift */ = {isa = PBXFileReference; lastKnownFileType = sourcecode.swift; path = TestSonarCloudUITests.swift; sourceTree = "<group>"; };
		C1BEE7CF2469FD98006BAB94 /* Info.plist */ = {isa = PBXFileReference; lastKnownFileType = text.plist.xml; path = Info.plist; sourceTree = "<group>"; };
/* End PBXFileReference section */

/* Begin PBXFrameworksBuildPhase section */
		C1BEE7A52469FD96006BAB94 /* Frameworks */ = {
			isa = PBXFrameworksBuildPhase;
			buildActionMask = 2147483647;
			files = (
			);
			runOnlyForDeploymentPostprocessing = 0;
		};
		C1BEE7BB2469FD97006BAB94 /* Frameworks */ = {
			isa = PBXFrameworksBuildPhase;
			buildActionMask = 2147483647;
			files = (
			);
			runOnlyForDeploymentPostprocessing = 0;
		};
		C1BEE7C62469FD97006BAB94 /* Frameworks */ = {
			isa = PBXFrameworksBuildPhase;
			buildActionMask = 2147483647;
			files = (
			);
			runOnlyForDeploymentPostprocessing = 0;
		};
/* End PBXFrameworksBuildPhase section */

/* Begin PBXGroup section */
		C1BEE79F2469FD96006BAB94 = {
			isa = PBXGroup;
			children = (
				C1BEE7AA2469FD96006BAB94 /* TestSonarCloud */,
				C1BEE7C12469FD97006BAB94 /* TestSonarCloudTests */,
				C1BEE7CC2469FD98006BAB94 /* TestSonarCloudUITests */,
				C1BEE7A92469FD96006BAB94 /* Products */,
			);
			sourceTree = "<group>";
		};
		C1BEE7A92469FD96006BAB94 /* Products */ = {
			isa = PBXGroup;
			children = (
				C1BEE7A82469FD96006BAB94 /* TestSonarCloud.app */,
				C1BEE7BE2469FD97006BAB94 /* TestSonarCloudTests.xctest */,
				C1BEE7C92469FD98006BAB94 /* TestSonarCloudUITests.xctest */,
			);
			name = Products;
			sourceTree = "<group>";
		};
		C1BEE7AA2469FD96006BAB94 /* TestSonarCloud */ = {
			isa = PBXGroup;
			children = (
				C1BEE7AB2469FD96006BAB94 /* AppDelegate.swift */,
				C1BEE7AD2469FD96006BAB94 /* SceneDelegate.swift */,
				C1BEE7AF2469FD96006BAB94 /* ContentView.swift */,
				C1BEE7B12469FD97006BAB94 /* Assets.xcassets */,
				C1BEE7B62469FD97006BAB94 /* LaunchScreen.storyboard */,
				C1BEE7B92469FD97006BAB94 /* Info.plist */,
				C1BEE7B32469FD97006BAB94 /* Preview Content */,
			);
			path = TestSonarCloud;
			sourceTree = "<group>";
		};
		C1BEE7B32469FD97006BAB94 /* Preview Content */ = {
			isa = PBXGroup;
			children = (
				C1BEE7B42469FD97006BAB94 /* Preview Assets.xcassets */,
			);
			path = "Preview Content";
			sourceTree = "<group>";
		};
		C1BEE7C12469FD97006BAB94 /* TestSonarCloudTests */ = {
			isa = PBXGroup;
			children = (
				C1BEE7C22469FD97006BAB94 /* TestSonarCloudTests.swift */,
				C1BEE7C42469FD97006BAB94 /* Info.plist */,
			);
			path = TestSonarCloudTests;
			sourceTree = "<group>";
		};
		C1BEE7CC2469FD98006BAB94 /* TestSonarCloudUITests */ = {
			isa = PBXGroup;
			children = (
				C1BEE7CD2469FD98006BAB94 /* TestSonarCloudUITests.swift */,
				C1BEE7CF2469FD98006BAB94 /* Info.plist */,
			);
			path = TestSonarCloudUITests;
			sourceTree = "<group>";
		};
/* End PBXGroup section */

/* Begin PBXNativeTarget section */
		C1BEE7A72469FD96006BAB94 /* TestSonarCloud */ = {
			isa = PBXNativeTarget;
			buildConfigurationList = C1BEE7D22469FD98006BAB94 /* Build configuration list for PBXNativeTarget "TestSonarCloud" */;
			buildPhases = (
				C1BEE7A42469FD96006BAB94 /* Sources */,
				C1BEE7A52469FD96006BAB94 /* Frameworks */,
				C1BEE7A62469FD96006BAB94 /* Resources */,
			);
			buildRules = (
			);
			dependencies = (
			);
			name = TestSonarCloud;
			productName = TestSonarCloud;
			productReference = C1BEE7A82469FD96006BAB94 /* TestSonarCloud.app */;
			productType = "com.apple.product-type.application";
		};
		C1BEE7BD2469FD97006BAB94 /* TestSonarCloudTests */ = {
			isa = PBXNativeTarget;
			buildConfigurationList = C1BEE7D52469FD98006BAB94 /* Build configuration list for PBXNativeTarget "TestSonarCloudTests" */;
			buildPhases = (
				C1BEE7BA2469FD97006BAB94 /* Sources */,
				C1BEE7BB2469FD97006BAB94 /* Frameworks */,
				C1BEE7BC2469FD97006BAB94 /* Resources */,
			);
			buildRules = (
			);
			dependencies = (
				C1BEE7C02469FD97006BAB94 /* PBXTargetDependency */,
			);
			name = TestSonarCloudTests;
			productName = TestSonarCloudTests;
			productReference = C1BEE7BE2469FD97006BAB94 /* TestSonarCloudTests.xctest */;
			productType = "com.apple.product-type.bundle.unit-test";
		};
		C1BEE7C82469FD97006BAB94 /* TestSonarCloudUITests */ = {
			isa = PBXNativeTarget;
			buildConfigurationList = C1BEE7D82469FD98006BAB94 /* Build configuration list for PBXNativeTarget "TestSonarCloudUITests" */;
			buildPhases = (
				C1BEE7C52469FD97006BAB94 /* Sources */,
				C1BEE7C62469FD97006BAB94 /* Frameworks */,
				C1BEE7C72469FD97006BAB94 /* Resources */,
			);
			buildRules = (
			);
			dependencies = (
				C1BEE7CB2469FD98006BAB94 /* PBXTargetDependency */,
			);
			name = TestSonarCloudUITests;
			productName = TestSonarCloudUITests;
			productReference = C1BEE7C92469FD98006BAB94 /* TestSonarCloudUITests.xctest */;
			productType = "com.apple.product-type.bundle.ui-testing";
		};
/* End PBXNativeTarget section */

/* Begin PBXProject section */
		C1BEE7A02469FD96006BAB94 /* Project object */ = {
			isa = PBXProject;
			attributes = {
				LastSwiftUpdateCheck = 1140;
				LastUpgradeCheck = 1140;
				ORGANIZATIONNAME = hugo;
				TargetAttributes = {
					C1BEE7A72469FD96006BAB94 = {
						CreatedOnToolsVersion = 11.4;
					};
					C1BEE7BD2469FD97006BAB94 = {
						CreatedOnToolsVersion = 11.4;
						TestTargetID = C1BEE7A72469FD96006BAB94;
					};
					C1BEE7C82469FD97006BAB94 = {
						CreatedOnToolsVersion = 11.4;
						TestTargetID = C1BEE7A72469FD96006BAB94;
					};
				};
			};
			buildConfigurationList = C1BEE7A32469FD96006BAB94 /* Build configuration list for PBXProject "TestSonarCloud" */;
			compatibilityVersion = "Xcode 9.3";
			developmentRegion = en;
			hasScannedForEncodings = 0;
			knownRegions = (
				en,
				Base,
			);
			mainGroup = C1BEE79F2469FD96006BAB94;
			productRefGroup = C1BEE7A92469FD96006BAB94 /* Products */;
			projectDirPath = "";
			projectRoot = "";
			targets = (
				C1BEE7A72469FD96006BAB94 /* TestSonarCloud */,
				C1BEE7BD2469FD97006BAB94 /* TestSonarCloudTests */,
				C1BEE7C82469FD97006BAB94 /* TestSonarCloudUITests */,
			);
		};
/* End PBXProject section */

/* Begin PBXResourcesBuildPhase section */
		C1BEE7A62469FD96006BAB94 /* Resources */ = {
			isa = PBXResourcesBuildPhase;
			buildActionMask = 2147483647;
			files = (
				C1BEE7B82469FD97006BAB94 /* LaunchScreen.storyboard in Resources */,
				C1BEE7B52469FD97006BAB94 /* Preview Assets.xcassets in Resources */,
				C1BEE7B22469FD97006BAB94 /* Assets.xcassets in Resources */,
			);
			runOnlyForDeploymentPostprocessing = 0;
		};
		C1BEE7BC2469FD97006BAB94 /* Resources */ = {
			isa = PBXResourcesBuildPhase;
			buildActionMask = 2147483647;
			files = (
			);
			runOnlyForDeploymentPostprocessing = 0;
		};
		C1BEE7C72469FD97006BAB94 /* Resources */ = {
			isa = PBXResourcesBuildPhase;
			buildActionMask = 2147483647;
			files = (
			);
			runOnlyForDeploymentPostprocessing = 0;
		};
/* End PBXResourcesBuildPhase section */

/* Begin PBXSourcesBuildPhase section */
		C1BEE7A42469FD96006BAB94 /* Sources */ = {
			isa = PBXSourcesBuildPhase;
			buildActionMask = 2147483647;
			files = (
				C1BEE7AC2469FD96006BAB94 /* AppDelegate.swift in Sources */,
				C1BEE7AE2469FD96006BAB94 /* SceneDelegate.swift in Sources */,
				C1BEE7B02469FD96006BAB94 /* ContentView.swift in Sources */,
			);
			runOnlyForDeploymentPostprocessing = 0;
		};
		C1BEE7BA2469FD97006BAB94 /* Sources */ = {
			isa = PBXSourcesBuildPhase;
			buildActionMask = 2147483647;
			files = (
				C1BEE7C32469FD97006BAB94 /* TestSonarCloudTests.swift in Sources */,
			);
			runOnlyForDeploymentPostprocessing = 0;
		};
		C1BEE7C52469FD97006BAB94 /* Sources */ = {
			isa = PBXSourcesBuildPhase;
			buildActionMask = 2147483647;
			files = (
				C1BEE7CE2469FD98006BAB94 /* TestSonarCloudUITests.swift in Sources */,
			);
			runOnlyForDeploymentPostprocessing = 0;
		};
/* End PBXSourcesBuildPhase section */

/* Begin PBXTargetDependency section */
		C1BEE7C02469FD97006BAB94 /* PBXTargetDependency */ = {
			isa = PBXTargetDependency;
			target = C1BEE7A72469FD96006BAB94 /* TestSonarCloud */;
			targetProxy = C1BEE7BF2469FD97006BAB94 /* PBXContainerItemProxy */;
		};
		C1BEE7CB2469FD98006BAB94 /* PBXTargetDependency */ = {
			isa = PBXTargetDependency;
			target = C1BEE7A72469FD96006BAB94 /* TestSonarCloud */;
			targetProxy = C1BEE7CA2469FD98006BAB94 /* PBXContainerItemProxy */;
		};
/* End PBXTargetDependency section */

/* Begin PBXVariantGroup section */
		C1BEE7B62469FD97006BAB94 /* LaunchScreen.storyboard */ = {
			isa = PBXVariantGroup;
			children = (
				C1BEE7B72469FD97006BAB94 /* Base */,
			);
			name = LaunchScreen.storyboard;
			sourceTree = "<group>";
		};
/* End PBXVariantGroup section */

/* Begin XCBuildConfiguration section */
		C1BEE7D02469FD98006BAB94 /* Debug */ = {
			isa = XCBuildConfiguration;
			buildSettings = {
				ALWAYS_SEARCH_USER_PATHS = NO;
				CLANG_ANALYZER_NONNULL = YES;
				CLANG_ANALYZER_NUMBER_OBJECT_CONVERSION = YES_AGGRESSIVE;
				CLANG_CXX_LANGUAGE_STANDARD = "gnu++14";
				CLANG_CXX_LIBRARY = "libc++";
				CLANG_ENABLE_MODULES = YES;
				CLANG_ENABLE_OBJC_ARC = YES;
				CLANG_ENABLE_OBJC_WEAK = YES;
				CLANG_WARN_BLOCK_CAPTURE_AUTORELEASING = YES;
				CLANG_WARN_BOOL_CONVERSION = YES;
				CLANG_WARN_COMMA = YES;
				CLANG_WARN_CONSTANT_CONVERSION = YES;
				CLANG_WARN_DEPRECATED_OBJC_IMPLEMENTATIONS = YES;
				CLANG_WARN_DIRECT_OBJC_ISA_USAGE = YES_ERROR;
				CLANG_WARN_DOCUMENTATION_COMMENTS = YES;
				CLANG_WARN_EMPTY_BODY = YES;
				CLANG_WARN_ENUM_CONVERSION = YES;
				CLANG_WARN_INFINITE_RECURSION = YES;
				CLANG_WARN_INT_CONVERSION = YES;
				CLANG_WARN_NON_LITERAL_NULL_CONVERSION = YES;
				CLANG_WARN_OBJC_IMPLICIT_RETAIN_SELF = YES;
				CLANG_WARN_OBJC_LITERAL_CONVERSION = YES;
				CLANG_WARN_OBJC_ROOT_CLASS = YES_ERROR;
				CLANG_WARN_RANGE_LOOP_ANALYSIS = YES;
				CLANG_WARN_STRICT_PROTOTYPES = YES;
				CLANG_WARN_SUSPICIOUS_MOVE = YES;
				CLANG_WARN_UNGUARDED_AVAILABILITY = YES_AGGRESSIVE;
				CLANG_WARN_UNREACHABLE_CODE = YES;
				CLANG_WARN__DUPLICATE_METHOD_MATCH = YES;
				COPY_PHASE_STRIP = NO;
				DEBUG_INFORMATION_FORMAT = dwarf;
				ENABLE_STRICT_OBJC_MSGSEND = YES;
				ENABLE_TESTABILITY = YES;
				GCC_C_LANGUAGE_STANDARD = gnu11;
				GCC_DYNAMIC_NO_PIC = NO;
				GCC_NO_COMMON_BLOCKS = YES;
				GCC_OPTIMIZATION_LEVEL = 0;
				GCC_PREPROCESSOR_DEFINITIONS = (
					"DEBUG=1",
					"$(inherited)",
				);
				GCC_WARN_64_TO_32_BIT_CONVERSION = YES;
				GCC_WARN_ABOUT_RETURN_TYPE = YES_ERROR;
				GCC_WARN_UNDECLARED_SELECTOR = YES;
				GCC_WARN_UNINITIALIZED_AUTOS = YES_AGGRESSIVE;
				GCC_WARN_UNUSED_FUNCTION = YES;
				GCC_WARN_UNUSED_VARIABLE = YES;
				IPHONEOS_DEPLOYMENT_TARGET = 13.4;
				MTL_ENABLE_DEBUG_INFO = INCLUDE_SOURCE;
				MTL_FAST_MATH = YES;
				ONLY_ACTIVE_ARCH = YES;
				SDKROOT = iphoneos;
				SWIFT_ACTIVE_COMPILATION_CONDITIONS = DEBUG;
				SWIFT_OPTIMIZATION_LEVEL = "-Onone";
			};
			name = Debug;
		};
		C1BEE7D12469FD98006BAB94 /* Release */ = {
			isa = XCBuildConfiguration;
			buildSettings = {
				ALWAYS_SEARCH_USER_PATHS = NO;
				CLANG_ANALYZER_NONNULL = YES;
				CLANG_ANALYZER_NUMBER_OBJECT_CONVERSION = YES_AGGRESSIVE;
				CLANG_CXX_LANGUAGE_STANDARD = "gnu++14";
				CLANG_CXX_LIBRARY = "libc++";
				CLANG_ENABLE_MODULES = YES;
				CLANG_ENABLE_OBJC_ARC = YES;
				CLANG_ENABLE_OBJC_WEAK = YES;
				CLANG_WARN_BLOCK_CAPTURE_AUTORELEASING = YES;
				CLANG_WARN_BOOL_CONVERSION = YES;
				CLANG_WARN_COMMA = YES;
				CLANG_WARN_CONSTANT_CONVERSION = YES;
				CLANG_WARN_DEPRECATED_OBJC_IMPLEMENTATIONS = YES;
				CLANG_WARN_DIRECT_OBJC_ISA_USAGE = YES_ERROR;
				CLANG_WARN_DOCUMENTATION_COMMENTS = YES;
				CLANG_WARN_EMPTY_BODY = YES;
				CLANG_WARN_ENUM_CONVERSION = YES;
				CLANG_WARN_INFINITE_RECURSION = YES;
				CLANG_WARN_INT_CONVERSION = YES;
				CLANG_WARN_NON_LITERAL_NULL_CONVERSION = YES;
				CLANG_WARN_OBJC_IMPLICIT_RETAIN_SELF = YES;
				CLANG_WARN_OBJC_LITERAL_CONVERSION = YES;
				CLANG_WARN_OBJC_ROOT_CLASS = YES_ERROR;
				CLANG_WARN_RANGE_LOOP_ANALYSIS = YES;
				CLANG_WARN_STRICT_PROTOTYPES = YES;
				CLANG_WARN_SUSPICIOUS_MOVE = YES;
				CLANG_WARN_UNGUARDED_AVAILABILITY = YES_AGGRESSIVE;
				CLANG_WARN_UNREACHABLE_CODE = YES;
				CLANG_WARN__DUPLICATE_METHOD_MATCH = YES;
				COPY_PHASE_STRIP = NO;
				DEBUG_INFORMATION_FORMAT = "dwarf-with-dsym";
				ENABLE_NS_ASSERTIONS = NO;
				ENABLE_STRICT_OBJC_MSGSEND = YES;
				GCC_C_LANGUAGE_STANDARD = gnu11;
				GCC_NO_COMMON_BLOCKS = YES;
				GCC_WARN_64_TO_32_BIT_CONVERSION = YES;
				GCC_WARN_ABOUT_RETURN_TYPE = YES_ERROR;
				GCC_WARN_UNDECLARED_SELECTOR = YES;
				GCC_WARN_UNINITIALIZED_AUTOS = YES_AGGRESSIVE;
				GCC_WARN_UNUSED_FUNCTION = YES;
				GCC_WARN_UNUSED_VARIABLE = YES;
				IPHONEOS_DEPLOYMENT_TARGET = 13.4;
				MTL_ENABLE_DEBUG_INFO = NO;
				MTL_FAST_MATH = YES;
				SDKROOT = iphoneos;
				SWIFT_COMPILATION_MODE = wholemodule;
				SWIFT_OPTIMIZATION_LEVEL = "-O";
				VALIDATE_PRODUCT = YES;
			};
			name = Release;
		};
		C1BEE7D32469FD98006BAB94 /* Debug */ = {
			isa = XCBuildConfiguration;
			buildSettings = {
				ASSETCATALOG_COMPILER_APPICON_NAME = AppIcon;
				CODE_SIGN_STYLE = Automatic;
				DEVELOPMENT_ASSET_PATHS = "\"TestSonarCloud/Preview Content\"";
				ENABLE_PREVIEWS = YES;
				INFOPLIST_FILE = TestSonarCloud/Info.plist;
				LD_RUNPATH_SEARCH_PATHS = (
					"$(inherited)",
					"@executable_path/Frameworks",
				);
				PRODUCT_BUNDLE_IDENTIFIER = com.hugo.TestSonarCloud;
				PRODUCT_NAME = "$(TARGET_NAME)";
				SWIFT_VERSION = 5.0;
				TARGETED_DEVICE_FAMILY = "1,2";
			};
			name = Debug;
		};
		C1BEE7D42469FD98006BAB94 /* Release */ = {
			isa = XCBuildConfiguration;
			buildSettings = {
				ASSETCATALOG_COMPILER_APPICON_NAME = AppIcon;
				CODE_SIGN_STYLE = Automatic;
				DEVELOPMENT_ASSET_PATHS = "\"TestSonarCloud/Preview Content\"";
				ENABLE_PREVIEWS = YES;
				INFOPLIST_FILE = TestSonarCloud/Info.plist;
				LD_RUNPATH_SEARCH_PATHS = (
					"$(inherited)",
					"@executable_path/Frameworks",
				);
				PRODUCT_BUNDLE_IDENTIFIER = com.hugo.TestSonarCloud;
				PRODUCT_NAME = "$(TARGET_NAME)";
				SWIFT_VERSION = 5.0;
				TARGETED_DEVICE_FAMILY = "1,2";
			};
			name = Release;
		};
		C1BEE7D62469FD98006BAB94 /* Debug */ = {
			isa = XCBuildConfiguration;
			buildSettings = {
				ALWAYS_EMBED_SWIFT_STANDARD_LIBRARIES = YES;
				BUNDLE_LOADER = "$(TEST_HOST)";
				CODE_SIGN_STYLE = Automatic;
				INFOPLIST_FILE = TestSonarCloudTests/Info.plist;
				IPHONEOS_DEPLOYMENT_TARGET = 13.4;
				LD_RUNPATH_SEARCH_PATHS = (
					"$(inherited)",
					"@executable_path/Frameworks",
					"@loader_path/Frameworks",
				);
				PRODUCT_BUNDLE_IDENTIFIER = com.hugo.TestSonarCloudTests;
				PRODUCT_NAME = "$(TARGET_NAME)";
				SWIFT_VERSION = 5.0;
				TARGETED_DEVICE_FAMILY = "1,2";
				TEST_HOST = "$(BUILT_PRODUCTS_DIR)/TestSonarCloud.app/TestSonarCloud";
			};
			name = Debug;
		};
		C1BEE7D72469FD98006BAB94 /* Release */ = {
			isa = XCBuildConfiguration;
			buildSettings = {
				ALWAYS_EMBED_SWIFT_STANDARD_LIBRARIES = YES;
				BUNDLE_LOADER = "$(TEST_HOST)";
				CODE_SIGN_STYLE = Automatic;
				INFOPLIST_FILE = TestSonarCloudTests/Info.plist;
				IPHONEOS_DEPLOYMENT_TARGET = 13.4;
				LD_RUNPATH_SEARCH_PATHS = (
					"$(inherited)",
					"@executable_path/Frameworks",
					"@loader_path/Frameworks",
				);
				PRODUCT_BUNDLE_IDENTIFIER = com.hugo.TestSonarCloudTests;
				PRODUCT_NAME = "$(TARGET_NAME)";
				SWIFT_VERSION = 5.0;
				TARGETED_DEVICE_FAMILY = "1,2";
				TEST_HOST = "$(BUILT_PRODUCTS_DIR)/TestSonarCloud.app/TestSonarCloud";
			};
			name = Release;
		};
		C1BEE7D92469FD98006BAB94 /* Debug */ = {
			isa = XCBuildConfiguration;
			buildSettings = {
				ALWAYS_EMBED_SWIFT_STANDARD_LIBRARIES = YES;
				CODE_SIGN_STYLE = Automatic;
				INFOPLIST_FILE = TestSonarCloudUITests/Info.plist;
				LD_RUNPATH_SEARCH_PATHS = (
					"$(inherited)",
					"@executable_path/Frameworks",
					"@loader_path/Frameworks",
				);
				PRODUCT_BUNDLE_IDENTIFIER = com.hugo.TestSonarCloudUITests;
				PRODUCT_NAME = "$(TARGET_NAME)";
				SWIFT_VERSION = 5.0;
				TARGETED_DEVICE_FAMILY = "1,2";
				TEST_TARGET_NAME = TestSonarCloud;
			};
			name = Debug;
		};
		C1BEE7DA2469FD98006BAB94 /* Release */ = {
			isa = XCBuildConfiguration;
			buildSettings = {
				ALWAYS_EMBED_SWIFT_STANDARD_LIBRARIES = YES;
				CODE_SIGN_STYLE = Automatic;
				INFOPLIST_FILE = TestSonarCloudUITests/Info.plist;
				LD_RUNPATH_SEARCH_PATHS = (
					"$(inherited)",
					"@executable_path/Frameworks",
					"@loader_path/Frameworks",
				);
				PRODUCT_BUNDLE_IDENTIFIER = com.hugo.TestSonarCloudUITests;
				PRODUCT_NAME = "$(TARGET_NAME)";
				SWIFT_VERSION = 5.0;
				TARGETED_DEVICE_FAMILY = "1,2";
				TEST_TARGET_NAME = TestSonarCloud;
			};
			name = Release;
		};
/* End XCBuildConfiguration section */

/* Begin XCConfigurationList section */
		C1BEE7A32469FD96006BAB94 /* Build configuration list for PBXProject "TestSonarCloud" */ = {
			isa = XCConfigurationList;
			buildConfigurations = (
				C1BEE7D02469FD98006BAB94 /* Debug */,
				C1BEE7D12469FD98006BAB94 /* Release */,
			);
			defaultConfigurationIsVisible = 0;
			defaultConfigurationName = Release;
		};
		C1BEE7D22469FD98006BAB94 /* Build configuration list for PBXNativeTarget "TestSonarCloud" */ = {
			isa = XCConfigurationList;
			buildConfigurations = (
				C1BEE7D32469FD98006BAB94 /* Debug */,
				C1BEE7D42469FD98006BAB94 /* Release */,
			);
			defaultConfigurationIsVisible = 0;
			defaultConfigurationName = Release;
		};
		C1BEE7D52469FD98006BAB94 /* Build configuration list for PBXNativeTarget "TestSonarCloudTests" */ = {
			isa = XCConfigurationList;
			buildConfigurations = (
				C1BEE7D62469FD98006BAB94 /* Debug */,
				C1BEE7D72469FD98006BAB94 /* Release */,
			);
			defaultConfigurationIsVisible = 0;
			defaultConfigurationName = Release;
		};
		C1BEE7D82469FD98006BAB94 /* Build configuration list for PBXNativeTarget "TestSonarCloudUITests" */ = {
			isa = XCConfigurationList;
			buildConfigurations = (
				C1BEE7D92469FD98006BAB94 /* Debug */,
				C1BEE7DA2469FD98006BAB94 /* Release */,
			);
			defaultConfigurationIsVisible = 0;
			defaultConfigurationName = Release;
		};
/* End XCConfigurationList section */
	};
	rootObject = C1BEE7A02469FD96006BAB94 /* Project object */;
}
